{
  "name": "personal-site",
  "version": "1.0.0",
  "lockfileVersion": 2,
  "requires": true,
  "packages": {
    "": {
      "name": "personal-site",
      "version": "1.0.0",
      "license": "ISC",
      "dependencies": {
        "8bit": "^1.0.1",
        "pixelate": "^0.0.5"
      },
      "devDependencies": {}
    },
    "node_modules/8bit": {
      "version": "1.0.1",
      "resolved": "https://registry.npmjs.org/8bit/-/8bit-1.0.1.tgz",
      "integrity": "sha1-6Wwm0qsXI4meyvq6OfYQWy4Glpc="
    },
    "node_modules/pixelate": {
      "version": "0.0.5",
      "resolved": "https://registry.npmjs.org/pixelate/-/pixelate-0.0.5.tgz",
      "integrity": "sha1-gM6WBcWiHUH2/LHxyk0oMDlYI4E="
    }
  },
  "dependencies": {
    "8bit": {
      "version": "1.0.1",
      "resolved": "https://registry.npmjs.org/8bit/-/8bit-1.0.1.tgz",
      "integrity": "sha1-6Wwm0qsXI4meyvq6OfYQWy4Glpc="
    },
    "pixelate": {
      "version": "0.0.5",
      "resolved": "https://registry.npmjs.org/pixelate/-/pixelate-0.0.5.tgz",
      "integrity": "sha1-gM6WBcWiHUH2/LHxyk0oMDlYI4E="
    }
  }
}
